{
  "version": 4,
  "terraform_version": "1.4.6",
  "serial": 108,
  "lineage": "b8cd9610-107a-fcfc-a5a1-9f94a5aaf52c",
  "outputs": {},
  "resources": [
    {
      "module": "module.function-app",
      "mode": "managed",
      "type": "azurerm_linux_function_app",
      "name": "appfunc",
      "provider": "provider[\"registry.terraform.io/hashicorp/azurerm\"]",
      "instances": [
        {
          "schema_version": 0,
          "attributes": {
            "app_settings": {
              "APPINSIGHTS_PROFILER_ENABLED": "true",
              "APPINSIGHTS_SNAPSHOT_DEBUGGER_ENABLED": "true",
              "DOCKER_CUSTOM_IMAGE_NAME": "mypythonapp:1.1",
              "DOCKER_ENABLE_CI": "true",
              "FUNCTIONS_WORKER_RUNTIME": "custom",
              "WEBSITES_ENABLE_APP_SERVICE_STORAGE": "false",
              "WEBSITES_PORT": "5000"
            },
            "auth_settings": [],
            "auth_settings_v2": [],
            "backup": [],
            "builtin_logging_enabled": true,
            "client_certificate_enabled": false,
            "client_certificate_exclusion_paths": "",
            "client_certificate_mode": "Optional",
            "connection_string": [],
            "content_share_force_disabled": false,
            "custom_domain_verification_id": "DA9CB6480392745C2EE51EC82E950A20F232BEF2725D383C977FDAC0CD248079",
            "daily_memory_time_quota": 0,
            "default_hostname": "nn-dap-function-app-987654.azurewebsites.net",
            "enabled": true,
            "functions_extension_version": "~4",
            "hosting_environment_id": "",
            "https_only": false,
            "id": "/subscriptions/794ba374-039f-41ab-9a71-bc270926f600/resourceGroups/nn-dap-resource-group/providers/Microsoft.Web/sites/nn-dap-function-app-987654",
            "identity": [
              {
                "identity_ids": null,
                "principal_id": "555df897-8b95-4d9e-b564-0e77fe6f2655",
                "tenant_id": "86857ddf-40cb-46cf-91bc-bf7d8d0a702f",
                "type": "SystemAssigned"
              }
            ],
            "key_vault_reference_identity_id": "SystemAssigned",
            "kind": "functionapp,linux",
            "location": "westeurope",
            "name": "nn-dap-function-app-987654",
            "outbound_ip_address_list": [
              "20.76.69.71",
              "20.76.69.77",
              "20.76.65.250",
              "20.76.69.108",
              "20.76.69.138",
              "20.76.69.166",
              "20.105.224.24"
            ],
            "outbound_ip_addresses": "20.76.69.71,20.76.69.77,20.76.65.250,20.76.69.108,20.76.69.138,20.76.69.166,20.105.224.24",
            "possible_outbound_ip_address_list": [
              "20.73.125.85",
              "20.73.126.190",
              "20.73.127.172",
              "20.73.127.189",
              "20.76.65.146",
              "20.76.68.173",
              "20.76.69.71",
              "20.76.69.77",
              "20.76.65.250",
              "20.76.69.108",
              "20.76.69.138",
              "20.76.69.166",
              "20.76.69.196",
              "20.76.70.55",
              "20.76.70.80",
              "20.76.70.109",
              "20.76.69.184",
              "20.76.70.155",
              "20.76.70.159",
              "20.76.70.169",
              "20.76.70.136",
              "20.76.70.174",
              "20.76.70.189",
              "20.76.70.192",
              "20.105.224.24"
            ],
            "possible_outbound_ip_addresses": "20.73.125.85,20.73.126.190,20.73.127.172,20.73.127.189,20.76.65.146,20.76.68.173,20.76.69.71,20.76.69.77,20.76.65.250,20.76.69.108,20.76.69.138,20.76.69.166,20.76.69.196,20.76.70.55,20.76.70.80,20.76.70.109,20.76.69.184,20.76.70.155,20.76.70.159,20.76.70.169,20.76.70.136,20.76.70.174,20.76.70.189,20.76.70.192,20.105.224.24",
            "resource_group_name": "nn-dap-resource-group",
            "service_plan_id": "/subscriptions/794ba374-039f-41ab-9a71-bc270926f600/resourceGroups/nn-dap-resource-group/providers/Microsoft.Web/serverfarms/nn-dap-function-app-service-plan",
            "site_config": [
              {
                "always_on": true,
                "api_definition_url": "",
                "api_management_api_id": "",
                "app_command_line": "",
                "app_scale_limit": 0,
                "app_service_logs": [],
                "application_insights_connection_string": "",
                "application_insights_key": "nndapacr59215.azurecr.io",
                "application_stack": [
                  {
                    "docker": [],
                    "dotnet_version": "",
                    "java_version": "",
                    "node_version": "",
                    "powershell_core_version": "",
                    "python_version": "",
                    "use_custom_runtime": false,
                    "use_dotnet_isolated_runtime": false
                  }
                ],
                "container_registry_managed_identity_client_id": "",
                "container_registry_use_managed_identity": false,
                "cors": [],
                "default_documents": [
                  "Default.htm",
                  "Default.html",
                  "Default.asp",
                  "index.htm",
                  "index.html",
                  "iisstart.htm",
                  "default.aspx",
                  "index.php"
                ],
                "detailed_error_logging_enabled": false,
                "elastic_instance_minimum": 0,
                "ftps_state": "Disabled",
                "health_check_eviction_time_in_min": 0,
                "health_check_path": "",
                "http2_enabled": false,
                "ip_restriction": [],
                "linux_fx_version": "",
                "load_balancing_mode": "LeastRequests",
                "managed_pipeline_mode": "Integrated",
                "minimum_tls_version": "1.2",
                "pre_warmed_instance_count": 0,
                "remote_debugging_enabled": false,
                "remote_debugging_version": "",
                "runtime_scale_monitoring_enabled": false,
                "scm_ip_restriction": [],
                "scm_minimum_tls_version": "1.2",
                "scm_type": "None",
                "scm_use_main_ip_restriction": false,
                "use_32_bit_worker": false,
                "vnet_route_all_enabled": false,
                "websockets_enabled": false,
                "worker_count": 1
              }
            ],
            "site_credential": [
              {
                "name": "$nn-dap-function-app-987654",
                "password": "9mb4otnBqchN0tkR1rT1ky3uQZh3RunBpCvqHsfnl5FZ5fjWc1sqPwHsRSjb"
              }
            ],
            "sticky_settings": [],
            "storage_account": [],
            "storage_account_access_key": "r3orl1RyPOuwCi/f67waGvrzQsbuucsWPK+o+6MDqJSwHzq/1PH1Egzoqea4SRKMYfW8jdRRqd+T+ASto4pO5w==",
            "storage_account_name": "nndapstorage59215",
            "storage_key_vault_secret_id": "",
            "storage_uses_managed_identity": false,
            "tags": null,
            "timeouts": null,
            "virtual_network_subnet_id": "",
            "zip_deploy_file": ""
          },
          "sensitive_attributes": [
            [
              {
                "type": "get_attr",
                "value": "storage_account_access_key"
              }
            ]
          ],
          "private": "eyJlMmJmYjczMC1lY2FhLTExZTYtOGY4OC0zNDM2M2JjN2M0YzAiOnsiY3JlYXRlIjoxODAwMDAwMDAwMDAwLCJkZWxldGUiOjE4MDAwMDAwMDAwMDAsInJlYWQiOjMwMDAwMDAwMDAwMCwidXBkYXRlIjoxODAwMDAwMDAwMDAwfX0=",
          "dependencies": [
            "module.function-app.azurerm_service_plan.appservplan",
            "module.network.azurerm_resource_group.rg",
            "module.network.azurerm_subnet.sub-net",
            "module.network.azurerm_virtual_network.vnet",
            "module.storage.azurerm_container_registry.acr",
            "module.storage.azurerm_storage_account.storageacc",
            "module.storage.random_integer.example"
          ]
        }
      ]
    },
    {
      "module": "module.function-app",
      "mode": "managed",
      "type": "azurerm_role_assignment",
      "name": "roleassign",
      "provider": "provider[\"registry.terraform.io/hashicorp/azurerm\"]",
      "instances": [
        {
          "schema_version": 0,
          "attributes": {
            "condition": "",
            "condition_version": "",
            "delegated_managed_identity_resource_id": "",
            "description": "",
            "id": "/subscriptions/794ba374-039f-41ab-9a71-bc270926f600/resourceGroups/nn-dap-resource-group/providers/Microsoft.Storage/storageAccounts/nndapstorage59215/providers/Microsoft.Authorization/roleAssignments/4d6784d0-a6d6-563a-3679-6c77af54ab95",
            "name": "4d6784d0-a6d6-563a-3679-6c77af54ab95",
            "principal_id": "555df897-8b95-4d9e-b564-0e77fe6f2655",
            "principal_type": "ServicePrincipal",
            "role_definition_id": "/subscriptions/794ba374-039f-41ab-9a71-bc270926f600/providers/Microsoft.Authorization/roleDefinitions/ba92f5b4-2d11-453d-a403-e96b0029c9fe",
            "role_definition_name": "Storage Blob Data Contributor",
            "scope": "/subscriptions/794ba374-039f-41ab-9a71-bc270926f600/resourceGroups/nn-dap-resource-group/providers/Microsoft.Storage/storageAccounts/nndapstorage59215",
            "skip_service_principal_aad_check": null,
            "timeouts": null
          },
          "sensitive_attributes": [],
          "private": "eyJlMmJmYjczMC1lY2FhLTExZTYtOGY4OC0zNDM2M2JjN2M0YzAiOnsiY3JlYXRlIjoxODAwMDAwMDAwMDAwLCJkZWxldGUiOjE4MDAwMDAwMDAwMDAsInJlYWQiOjMwMDAwMDAwMDAwMCwidXBkYXRlIjoxODAwMDAwMDAwMDAwfX0=",
          "dependencies": [
            "module.function-app.azurerm_linux_function_app.appfunc",
            "module.function-app.azurerm_service_plan.appservplan",
            "module.network.azurerm_resource_group.rg",
            "module.network.azurerm_subnet.sub-net",
            "module.network.azurerm_virtual_network.vnet",
            "module.storage.azurerm_container_registry.acr",
            "module.storage.azurerm_storage_account.storageacc",
            "module.storage.random_integer.example"
          ]
        }
      ]
    },
    {
      "module": "module.function-app",
      "mode": "managed",
      "type": "azurerm_service_plan",
      "name": "appservplan",
      "provider": "provider[\"registry.terraform.io/hashicorp/azurerm\"]",
      "instances": [
        {
          "schema_version": 0,
          "attributes": {
            "app_service_environment_id": "",
            "id": "/subscriptions/794ba374-039f-41ab-9a71-bc270926f600/resourceGroups/nn-dap-resource-group/providers/Microsoft.Web/serverfarms/nn-dap-function-app-service-plan",
            "kind": "linux",
            "location": "westeurope",
            "maximum_elastic_worker_count": 1,
            "name": "nn-dap-function-app-service-plan",
            "os_type": "Linux",
            "per_site_scaling_enabled": false,
            "reserved": true,
            "resource_group_name": "nn-dap-resource-group",
            "sku_name": "P1v2",
            "tags": null,
            "timeouts": null,
            "worker_count": 1,
            "zone_balancing_enabled": false
          },
          "sensitive_attributes": [],
          "private": "eyJlMmJmYjczMC1lY2FhLTExZTYtOGY4OC0zNDM2M2JjN2M0YzAiOnsiY3JlYXRlIjozNjAwMDAwMDAwMDAwLCJkZWxldGUiOjM2MDAwMDAwMDAwMDAsInJlYWQiOjMwMDAwMDAwMDAwMCwidXBkYXRlIjozNjAwMDAwMDAwMDAwfX0=",
          "dependencies": [
            "module.network.azurerm_resource_group.rg",
            "module.network.azurerm_subnet.sub-net",
            "module.network.azurerm_virtual_network.vnet",
            "module.storage.azurerm_container_registry.acr",
            "module.storage.azurerm_storage_account.storageacc",
            "module.storage.random_integer.example"
          ]
        }
      ]
    },
    {
      "module": "module.monitoring",
      "mode": "managed",
      "type": "azurerm_application_insights",
      "name": "appinsight",
      "provider": "provider[\"registry.terraform.io/hashicorp/azurerm\"]",
      "instances": [
        {
          "schema_version": 1,
          "attributes": {
            "app_id": "2abf974d-7042-4ae6-adf4-6d514555532f",
            "application_type": "web",
            "connection_string": "InstrumentationKey=162d525e-c88f-43a4-b019-484297b90d2c;IngestionEndpoint=https://westeurope-3.in.applicationinsights.azure.com/;LiveEndpoint=https://westeurope.livediagnostics.monitor.azure.com/",
            "daily_data_cap_in_gb": 100,
            "daily_data_cap_notifications_disabled": false,
            "disable_ip_masking": false,
            "force_customer_storage_for_profiler": false,
            "id": "/subscriptions/794ba374-039f-41ab-9a71-bc270926f600/resourceGroups/nn-dap-resource-group/providers/Microsoft.Insights/components/nn-dap_function_app_insights",
            "instrumentation_key": "162d525e-c88f-43a4-b019-484297b90d2c",
            "internet_ingestion_enabled": true,
            "internet_query_enabled": true,
            "local_authentication_disabled": false,
            "location": "westeurope",
            "name": "nn-dap_function_app_insights",
            "resource_group_name": "nn-dap-resource-group",
            "retention_in_days": 90,
            "sampling_percentage": 100,
            "tags": null,
            "timeouts": null,
            "workspace_id": ""
          },
          "sensitive_attributes": [],
          "private": "eyJlMmJmYjczMC1lY2FhLTExZTYtOGY4OC0zNDM2M2JjN2M0YzAiOnsiY3JlYXRlIjozNjAwMDAwMDAwMDAwLCJkZWxldGUiOjE4MDAwMDAwMDAwMDAsInJlYWQiOjMwMDAwMDAwMDAwMCwidXBkYXRlIjoxODAwMDAwMDAwMDAwfSwic2NoZW1hX3ZlcnNpb24iOiIxIn0=",
          "dependencies": [
            "module.network.azurerm_resource_group.rg",
            "module.network.azurerm_subnet.sub-net",
            "module.network.azurerm_virtual_network.vnet"
          ]
        }
      ]
    },
    {
      "module": "module.network",
      "mode": "managed",
      "type": "azurerm_resource_group",
      "name": "rg",
      "provider": "provider[\"registry.terraform.io/hashicorp/azurerm\"]",
      "instances": [
        {
          "schema_version": 0,
          "attributes": {
            "id": "/subscriptions/794ba374-039f-41ab-9a71-bc270926f600/resourceGroups/nn-dap-resource-group",
            "location": "westeurope",
            "name": "nn-dap-resource-group",
            "tags": null,
            "timeouts": null
          },
          "sensitive_attributes": [],
          "private": "eyJlMmJmYjczMC1lY2FhLTExZTYtOGY4OC0zNDM2M2JjN2M0YzAiOnsiY3JlYXRlIjo1NDAwMDAwMDAwMDAwLCJkZWxldGUiOjU0MDAwMDAwMDAwMDAsInJlYWQiOjMwMDAwMDAwMDAwMCwidXBkYXRlIjo1NDAwMDAwMDAwMDAwfX0="
        }
      ]
    },
    {
      "module": "module.network",
      "mode": "managed",
      "type": "azurerm_subnet",
      "name": "sub-net",
      "provider": "provider[\"registry.terraform.io/hashicorp/azurerm\"]",
      "instances": [
        {
          "schema_version": 0,
          "attributes": {
            "address_prefixes": [
              "10.0.1.0/24"
            ],
            "delegation": [],
            "enforce_private_link_endpoint_network_policies": false,
            "enforce_private_link_service_network_policies": false,
            "id": "/subscriptions/794ba374-039f-41ab-9a71-bc270926f600/resourceGroups/nn-dap-resource-group/providers/Microsoft.Network/virtualNetworks/nn-dap-vnet/subnets/nn-dap-subnet",
            "name": "nn-dap-subnet",
            "private_endpoint_network_policies_enabled": true,
            "private_link_service_network_policies_enabled": true,
            "resource_group_name": "nn-dap-resource-group",
            "service_endpoint_policy_ids": null,
            "service_endpoints": null,
            "timeouts": null,
            "virtual_network_name": "nn-dap-vnet"
          },
          "sensitive_attributes": [],
          "private": "eyJlMmJmYjczMC1lY2FhLTExZTYtOGY4OC0zNDM2M2JjN2M0YzAiOnsiY3JlYXRlIjoxODAwMDAwMDAwMDAwLCJkZWxldGUiOjE4MDAwMDAwMDAwMDAsInJlYWQiOjMwMDAwMDAwMDAwMCwidXBkYXRlIjoxODAwMDAwMDAwMDAwfX0=",
          "dependencies": [
            "module.network.azurerm_resource_group.rg",
            "module.network.azurerm_virtual_network.vnet"
          ]
        }
      ]
    },
    {
      "module": "module.network",
      "mode": "managed",
      "type": "azurerm_virtual_network",
      "name": "vnet",
      "provider": "provider[\"registry.terraform.io/hashicorp/azurerm\"]",
      "instances": [
        {
          "schema_version": 0,
          "attributes": {
            "address_space": [
              "10.0.0.0/16"
            ],
            "bgp_community": "",
            "ddos_protection_plan": [],
            "dns_servers": [],
            "edge_zone": "",
            "flow_timeout_in_minutes": 0,
            "guid": "ff4f07f4-4ee6-4d4a-86ba-aab556441785",
            "id": "/subscriptions/794ba374-039f-41ab-9a71-bc270926f600/resourceGroups/nn-dap-resource-group/providers/Microsoft.Network/virtualNetworks/nn-dap-vnet",
            "location": "westeurope",
            "name": "nn-dap-vnet",
            "resource_group_name": "nn-dap-resource-group",
            "subnet": [],
            "tags": null,
            "timeouts": null
          },
          "sensitive_attributes": [],
          "private": "eyJlMmJmYjczMC1lY2FhLTExZTYtOGY4OC0zNDM2M2JjN2M0YzAiOnsiY3JlYXRlIjoxODAwMDAwMDAwMDAwLCJkZWxldGUiOjE4MDAwMDAwMDAwMDAsInJlYWQiOjMwMDAwMDAwMDAwMCwidXBkYXRlIjoxODAwMDAwMDAwMDAwfX0=",
          "dependencies": [
            "module.network.azurerm_resource_group.rg"
          ]
        }
      ]
    },
    {
      "module": "module.storage",
      "mode": "managed",
      "type": "azurerm_container_registry",
      "name": "acr",
      "provider": "provider[\"registry.terraform.io/hashicorp/azurerm\"]",
      "instances": [
        {
          "schema_version": 2,
          "attributes": {
            "admin_enabled": true,
            "admin_password": "8455GoF4sXX7iy9UGlJANjVAT5ts67xLh2PcBkfkqp+ACRBspuUy",
            "admin_username": "nndapacr59215",
            "anonymous_pull_enabled": false,
            "data_endpoint_enabled": false,
            "encryption": [
              {
                "enabled": false,
                "identity_client_id": "",
                "key_vault_key_id": ""
              }
            ],
            "export_policy_enabled": true,
            "georeplications": [],
            "id": "/subscriptions/794ba374-039f-41ab-9a71-bc270926f600/resourceGroups/nn-dap-resource-group/providers/Microsoft.ContainerRegistry/registries/nndapacr59215",
            "identity": [],
            "location": "westeurope",
            "login_server": "nndapacr59215.azurecr.io",
            "name": "nndapacr59215",
            "network_rule_bypass_option": "AzureServices",
            "network_rule_set": [],
            "public_network_access_enabled": true,
            "quarantine_policy_enabled": false,
            "resource_group_name": "nn-dap-resource-group",
            "retention_policy": [
              {
                "days": 7,
                "enabled": false
              }
            ],
            "sku": "Basic",
            "tags": null,
            "timeouts": null,
            "trust_policy": [
              {
                "enabled": false
              }
            ],
            "zone_redundancy_enabled": false
          },
          "sensitive_attributes": [],
          "private": "eyJlMmJmYjczMC1lY2FhLTExZTYtOGY4OC0zNDM2M2JjN2M0YzAiOnsiY3JlYXRlIjoxODAwMDAwMDAwMDAwLCJkZWxldGUiOjE4MDAwMDAwMDAwMDAsInJlYWQiOjMwMDAwMDAwMDAwMCwidXBkYXRlIjoxODAwMDAwMDAwMDAwfSwic2NoZW1hX3ZlcnNpb24iOiIyIn0=",
          "dependencies": [
            "module.network.azurerm_resource_group.rg",
            "module.network.azurerm_subnet.sub-net",
            "module.network.azurerm_virtual_network.vnet",
            "module.storage.random_integer.example"
          ]
        }
      ]
    },
    {
      "module": "module.storage",
      "mode": "managed",
      "type": "azurerm_storage_account",
      "name": "storageacc",
      "provider": "provider[\"registry.terraform.io/hashicorp/azurerm\"]",
      "instances": [
        {
          "schema_version": 3,
          "attributes": {
            "access_tier": "Hot",
            "account_kind": "StorageV2",
            "account_replication_type": "LRS",
            "account_tier": "Standard",
            "allow_nested_items_to_be_public": true,
            "allowed_copy_scope": "",
            "azure_files_authentication": [],
            "blob_properties": [
              {
                "change_feed_enabled": false,
                "change_feed_retention_in_days": 0,
                "container_delete_retention_policy": [],
                "cors_rule": [],
                "default_service_version": "",
                "delete_retention_policy": [],
                "last_access_time_enabled": false,
                "restore_policy": [],
                "versioning_enabled": false
              }
            ],
            "cross_tenant_replication_enabled": true,
            "custom_domain": [],
            "customer_managed_key": [],
            "default_to_oauth_authentication": false,
            "edge_zone": "",
            "enable_https_traffic_only": true,
            "id": "/subscriptions/794ba374-039f-41ab-9a71-bc270926f600/resourceGroups/nn-dap-resource-group/providers/Microsoft.Storage/storageAccounts/nndapstorage59215",
            "identity": [],
            "immutability_policy": [],
            "infrastructure_encryption_enabled": false,
            "is_hns_enabled": false,
            "large_file_share_enabled": null,
            "location": "westeurope",
            "min_tls_version": "TLS1_2",
            "name": "nndapstorage59215",
            "network_rules": [
              {
                "bypass": [
                  "AzureServices"
                ],
                "default_action": "Allow",
                "ip_rules": [],
                "private_link_access": [],
                "virtual_network_subnet_ids": []
              }
            ],
            "nfsv3_enabled": false,
            "primary_access_key": "r3orl1RyPOuwCi/f67waGvrzQsbuucsWPK+o+6MDqJSwHzq/1PH1Egzoqea4SRKMYfW8jdRRqd+T+ASto4pO5w==",
            "primary_blob_connection_string": "DefaultEndpointsProtocol=https;BlobEndpoint=https://nndapstorage59215.blob.core.windows.net/;AccountName=nndapstorage59215;AccountKey=r3orl1RyPOuwCi/f67waGvrzQsbuucsWPK+o+6MDqJSwHzq/1PH1Egzoqea4SRKMYfW8jdRRqd+T+ASto4pO5w==",
            "primary_blob_endpoint": "https://nndapstorage59215.blob.core.windows.net/",
            "primary_blob_host": "nndapstorage59215.blob.core.windows.net",
            "primary_connection_string": "DefaultEndpointsProtocol=https;AccountName=nndapstorage59215;AccountKey=r3orl1RyPOuwCi/f67waGvrzQsbuucsWPK+o+6MDqJSwHzq/1PH1Egzoqea4SRKMYfW8jdRRqd+T+ASto4pO5w==;EndpointSuffix=core.windows.net",
            "primary_dfs_endpoint": "https://nndapstorage59215.dfs.core.windows.net/",
            "primary_dfs_host": "nndapstorage59215.dfs.core.windows.net",
            "primary_file_endpoint": "https://nndapstorage59215.file.core.windows.net/",
            "primary_file_host": "nndapstorage59215.file.core.windows.net",
            "primary_location": "westeurope",
            "primary_queue_endpoint": "https://nndapstorage59215.queue.core.windows.net/",
            "primary_queue_host": "nndapstorage59215.queue.core.windows.net",
            "primary_table_endpoint": "https://nndapstorage59215.table.core.windows.net/",
            "primary_table_host": "nndapstorage59215.table.core.windows.net",
            "primary_web_endpoint": "https://nndapstorage59215.z6.web.core.windows.net/",
            "primary_web_host": "nndapstorage59215.z6.web.core.windows.net",
            "public_network_access_enabled": true,
            "queue_encryption_key_type": "Service",
            "queue_properties": [
              {
                "cors_rule": [],
                "hour_metrics": [
                  {
                    "enabled": true,
                    "include_apis": true,
                    "retention_policy_days": 7,
                    "version": "1.0"
                  }
                ],
                "logging": [
                  {
                    "delete": false,
                    "read": false,
                    "retention_policy_days": 0,
                    "version": "1.0",
                    "write": false
                  }
                ],
                "minute_metrics": [
                  {
                    "enabled": false,
                    "include_apis": false,
                    "retention_policy_days": 0,
                    "version": "1.0"
                  }
                ]
              }
            ],
            "resource_group_name": "nn-dap-resource-group",
            "routing": [],
            "sas_policy": [],
            "secondary_access_key": "UsvTWDd6ewgnDOwgXF9UFLIrOBoSepRYZYlta79Olv3bMBEOEdlAhOpcDMhW5hzAJLLbAAZhsHaB+ASt0ksXpg==",
            "secondary_blob_connection_string": "",
            "secondary_blob_endpoint": null,
            "secondary_blob_host": null,
            "secondary_connection_string": "DefaultEndpointsProtocol=https;AccountName=nndapstorage59215;AccountKey=UsvTWDd6ewgnDOwgXF9UFLIrOBoSepRYZYlta79Olv3bMBEOEdlAhOpcDMhW5hzAJLLbAAZhsHaB+ASt0ksXpg==;EndpointSuffix=core.windows.net",
            "secondary_dfs_endpoint": null,
            "secondary_dfs_host": null,
            "secondary_file_endpoint": null,
            "secondary_file_host": null,
            "secondary_location": "",
            "secondary_queue_endpoint": null,
            "secondary_queue_host": null,
            "secondary_table_endpoint": null,
            "secondary_table_host": null,
            "secondary_web_endpoint": null,
            "secondary_web_host": null,
            "sftp_enabled": false,
            "share_properties": [
              {
                "cors_rule": [],
                "retention_policy": [
                  {
                    "days": 7
                  }
                ],
                "smb": []
              }
            ],
            "shared_access_key_enabled": true,
            "static_website": [],
            "table_encryption_key_type": "Service",
            "tags": null,
            "timeouts": null
          },
          "sensitive_attributes": [],
          "private": "eyJlMmJmYjczMC1lY2FhLTExZTYtOGY4OC0zNDM2M2JjN2M0YzAiOnsiY3JlYXRlIjozNjAwMDAwMDAwMDAwLCJkZWxldGUiOjM2MDAwMDAwMDAwMDAsInJlYWQiOjMwMDAwMDAwMDAwMCwidXBkYXRlIjozNjAwMDAwMDAwMDAwfSwic2NoZW1hX3ZlcnNpb24iOiIzIn0=",
          "dependencies": [
            "module.network.azurerm_resource_group.rg",
            "module.network.azurerm_subnet.sub-net",
            "module.network.azurerm_virtual_network.vnet",
            "module.storage.random_integer.example"
          ]
        }
      ]
    },
    {
      "module": "module.storage",
      "mode": "managed",
      "type": "random_integer",
      "name": "example",
      "provider": "provider[\"registry.terraform.io/hashicorp/random\"]",
      "instances": [
        {
          "schema_version": 0,
          "attributes": {
            "id": "59215",
            "keepers": null,
            "max": 99999,
            "min": 10000,
            "result": 59215,
            "seed": null
          },
          "sensitive_attributes": [],
          "dependencies": [
            "module.network.azurerm_resource_group.rg",
            "module.network.azurerm_subnet.sub-net",
            "module.network.azurerm_virtual_network.vnet"
          ]
        }
      ]
    }
  ],
  "check_results": null
}
